// !$*UTF8*$!
{
	archiveVersion = 1;
	classes = {
	};
	objectVersion = 56;
	objects = {

/* Begin PBXBuildFile section */
		3200E6382B6BB454005126BC /* AttaintViewController.swift in Sources */ = {isa = PBXBuildFile; fileRef = 3200E6372B6BB454005126BC /* AttaintViewController.swift */; };
		3200E63A2B6BD416005126BC /* TrophyViewController.swift in Sources */ = {isa = PBXBuildFile; fileRef = 3200E6392B6BD416005126BC /* TrophyViewController.swift */; };
		320784832B7A05E50090CB30 /* SwapList.swift in Sources */ = {isa = PBXBuildFile; fileRef = 320784822B7A05E50090CB30 /* SwapList.swift */; };
		321031532B6A6A16004377E9 /* AlarmModalViewController.swift in Sources */ = {isa = PBXBuildFile; fileRef = 321031522B6A6A16004377E9 /* AlarmModalViewController.swift */; };
		3223ABC42B6A75D0007600CC /* SettingModalViewController.swift in Sources */ = {isa = PBXBuildFile; fileRef = 3223ABC32B6A75D0007600CC /* SettingModalViewController.swift */; };
		3232D6DC2B67D745001A7D47 /* MainViewController.swift in Sources */ = {isa = PBXBuildFile; fileRef = 3232D6DB2B67D745001A7D47 /* MainViewController.swift */; };
		324581912B87434100B3CC52 /* Realm in Frameworks */ = {isa = PBXBuildFile; productRef = 324581902B87434100B3CC52 /* Realm */; };
		324581932B87434100B3CC52 /* RealmSwift in Frameworks */ = {isa = PBXBuildFile; productRef = 324581922B87434100B3CC52 /* RealmSwift */; };
		324581982B8746B000B3CC52 /* SwapListObject.swift in Sources */ = {isa = PBXBuildFile; fileRef = 324581972B8746B000B3CC52 /* SwapListObject.swift */; };
		3261EE4F2B84EA0600A2944C /* SwapCompletedList.swift in Sources */ = {isa = PBXBuildFile; fileRef = 3261EE4E2B84EA0600A2944C /* SwapCompletedList.swift */; };
		3261EE542B863C8800A2944C /* Clock.mp3 in Resources */ = {isa = PBXBuildFile; fileRef = 3261EE532B863C8800A2944C /* Clock.mp3 */; };
		326F7FE92B64C93E00A09D9A /* AppDelegate.swift in Sources */ = {isa = PBXBuildFile; fileRef = 326F7FE82B64C93E00A09D9A /* AppDelegate.swift */; };
		326F7FEB2B64C93E00A09D9A /* SceneDelegate.swift in Sources */ = {isa = PBXBuildFile; fileRef = 326F7FEA2B64C93E00A09D9A /* SceneDelegate.swift */; };
		326F7FED2B64C93E00A09D9A /* ViewController.swift in Sources */ = {isa = PBXBuildFile; fileRef = 326F7FEC2B64C93E00A09D9A /* ViewController.swift */; };
		326F7FF02B64C93E00A09D9A /* Main.storyboard in Resources */ = {isa = PBXBuildFile; fileRef = 326F7FEE2B64C93E00A09D9A /* Main.storyboard */; };
		326F7FF22B64C93F00A09D9A /* Assets.xcassets in Resources */ = {isa = PBXBuildFile; fileRef = 326F7FF12B64C93F00A09D9A /* Assets.xcassets */; };
		326F7FF52B64C93F00A09D9A /* LaunchScreen.storyboard in Resources */ = {isa = PBXBuildFile; fileRef = 326F7FF32B64C93F00A09D9A /* LaunchScreen.storyboard */; };
		327876F22B81A810003C1F20 /* UIViewController++Extension.swift in Sources */ = {isa = PBXBuildFile; fileRef = 327876F12B81A810003C1F20 /* UIViewController++Extension.swift */; };
		327876F42B81B548003C1F20 /* UIColor++Extension.swift in Sources */ = {isa = PBXBuildFile; fileRef = 327876F32B81B548003C1F20 /* UIColor++Extension.swift */; };
		327876F62B81B7CC003C1F20 /* UIFont++Extenstion.swift in Sources */ = {isa = PBXBuildFile; fileRef = 327876F52B81B7CC003C1F20 /* UIFont++Extenstion.swift */; };
		328653462B664C5000BDEB2D /* SuggestionViewController.swift in Sources */ = {isa = PBXBuildFile; fileRef = 328653452B664C5000BDEB2D /* SuggestionViewController.swift */; };
		328CDB4C2B7F48FB00BC00A2 /* SwapRecord.swift in Sources */ = {isa = PBXBuildFile; fileRef = 328CDB4B2B7F48FB00BC00A2 /* SwapRecord.swift */; };
		32989A542B6CC690000EA449 /* RecordViewController.swift in Sources */ = {isa = PBXBuildFile; fileRef = 32989A532B6CC690000EA449 /* RecordViewController.swift */; };
		32F30CD72B64E41400551652 /* fonts in Resources */ = {isa = PBXBuildFile; fileRef = 32F30CD62B64E41400551652 /* fonts */; };
		32F461C22B691A5200BA4799 /* CalendarAddViewController.swift in Sources */ = {isa = PBXBuildFile; fileRef = 32F461C12B691A5200BA4799 /* CalendarAddViewController.swift */; };
		32F958252B724EAE005064AE /* FSCalendar in Frameworks */ = {isa = PBXBuildFile; productRef = 32F958242B724EAE005064AE /* FSCalendar */; };
/* End PBXBuildFile section */

/* Begin PBXFileReference section */
		3200E6372B6BB454005126BC /* AttaintViewController.swift */ = {isa = PBXFileReference; lastKnownFileType = sourcecode.swift; path = AttaintViewController.swift; sourceTree = "<group>"; };
		3200E6392B6BD416005126BC /* TrophyViewController.swift */ = {isa = PBXFileReference; lastKnownFileType = sourcecode.swift; path = TrophyViewController.swift; sourceTree = "<group>"; };
		320784822B7A05E50090CB30 /* SwapList.swift */ = {isa = PBXFileReference; lastKnownFileType = sourcecode.swift; path = SwapList.swift; sourceTree = "<group>"; };
		321031522B6A6A16004377E9 /* AlarmModalViewController.swift */ = {isa = PBXFileReference; lastKnownFileType = sourcecode.swift; path = AlarmModalViewController.swift; sourceTree = "<group>"; };
		3223ABC32B6A75D0007600CC /* SettingModalViewController.swift */ = {isa = PBXFileReference; lastKnownFileType = sourcecode.swift; path = SettingModalViewController.swift; sourceTree = "<group>"; };
		3232D6DB2B67D745001A7D47 /* MainViewController.swift */ = {isa = PBXFileReference; lastKnownFileType = sourcecode.swift; path = MainViewController.swift; sourceTree = "<group>"; };
		324581972B8746B000B3CC52 /* SwapListObject.swift */ = {isa = PBXFileReference; lastKnownFileType = sourcecode.swift; path = SwapListObject.swift; sourceTree = "<group>"; };
		3261EE4E2B84EA0600A2944C /* SwapCompletedList.swift */ = {isa = PBXFileReference; lastKnownFileType = sourcecode.swift; path = SwapCompletedList.swift; sourceTree = "<group>"; };
		3261EE532B863C8800A2944C /* Clock.mp3 */ = {isa = PBXFileReference; lastKnownFileType = audio.mp3; name = Clock.mp3; path = ../../../Downloads/Clock.mp3; sourceTree = "<group>"; };
		326F7FE52B64C93E00A09D9A /* swap.app */ = {isa = PBXFileReference; explicitFileType = wrapper.application; includeInIndex = 0; path = swap.app; sourceTree = BUILT_PRODUCTS_DIR; };
		326F7FE82B64C93E00A09D9A /* AppDelegate.swift */ = {isa = PBXFileReference; lastKnownFileType = sourcecode.swift; path = AppDelegate.swift; sourceTree = "<group>"; };
		326F7FEA2B64C93E00A09D9A /* SceneDelegate.swift */ = {isa = PBXFileReference; lastKnownFileType = sourcecode.swift; path = SceneDelegate.swift; sourceTree = "<group>"; };
		326F7FEC2B64C93E00A09D9A /* ViewController.swift */ = {isa = PBXFileReference; lastKnownFileType = sourcecode.swift; path = ViewController.swift; sourceTree = "<group>"; };
		326F7FEF2B64C93E00A09D9A /* Base */ = {isa = PBXFileReference; lastKnownFileType = file.storyboard; name = Base; path = Base.lproj/Main.storyboard; sourceTree = "<group>"; };
		326F7FF12B64C93F00A09D9A /* Assets.xcassets */ = {isa = PBXFileReference; lastKnownFileType = folder.assetcatalog; path = Assets.xcassets; sourceTree = "<group>"; };
		326F7FF42B64C93F00A09D9A /* Base */ = {isa = PBXFileReference; lastKnownFileType = file.storyboard; name = Base; path = Base.lproj/LaunchScreen.storyboard; sourceTree = "<group>"; };
		326F7FF62B64C93F00A09D9A /* Info.plist */ = {isa = PBXFileReference; lastKnownFileType = text.plist.xml; path = Info.plist; sourceTree = "<group>"; };
		327876F12B81A810003C1F20 /* UIViewController++Extension.swift */ = {isa = PBXFileReference; lastKnownFileType = sourcecode.swift; path = "UIViewController++Extension.swift"; sourceTree = "<group>"; };
		327876F32B81B548003C1F20 /* UIColor++Extension.swift */ = {isa = PBXFileReference; lastKnownFileType = sourcecode.swift; path = "UIColor++Extension.swift"; sourceTree = "<group>"; };
		327876F52B81B7CC003C1F20 /* UIFont++Extenstion.swift */ = {isa = PBXFileReference; lastKnownFileType = sourcecode.swift; path = "UIFont++Extenstion.swift"; sourceTree = "<group>"; };
		328653452B664C5000BDEB2D /* SuggestionViewController.swift */ = {isa = PBXFileReference; lastKnownFileType = sourcecode.swift; path = SuggestionViewController.swift; sourceTree = "<group>"; };
		328CDB4B2B7F48FB00BC00A2 /* SwapRecord.swift */ = {isa = PBXFileReference; lastKnownFileType = sourcecode.swift; path = SwapRecord.swift; sourceTree = "<group>"; };
		32989A532B6CC690000EA449 /* RecordViewController.swift */ = {isa = PBXFileReference; lastKnownFileType = sourcecode.swift; path = RecordViewController.swift; sourceTree = "<group>"; };
		32F30CD62B64E41400551652 /* fonts */ = {isa = PBXFileReference; lastKnownFileType = folder; name = fonts; path = swap/fonts; sourceTree = "<group>"; };
		32F461C12B691A5200BA4799 /* CalendarAddViewController.swift */ = {isa = PBXFileReference; lastKnownFileType = sourcecode.swift; path = CalendarAddViewController.swift; sourceTree = "<group>"; };
/* End PBXFileReference section */

/* Begin PBXFrameworksBuildPhase section */
		326F7FE22B64C93E00A09D9A /* Frameworks */ = {
			isa = PBXFrameworksBuildPhase;
			buildActionMask = 2147483647;
			files = (
				324581932B87434100B3CC52 /* RealmSwift in Frameworks */,
				324581912B87434100B3CC52 /* Realm in Frameworks */,
				32F958252B724EAE005064AE /* FSCalendar in Frameworks */,
			);
			runOnlyForDeploymentPostprocessing = 0;
		};
/* End PBXFrameworksBuildPhase section */

/* Begin PBXGroup section */
		320784812B7A05C20090CB30 /* Model */ = {
			isa = PBXGroup;
			children = (
				320784822B7A05E50090CB30 /* SwapList.swift */,
				328CDB4B2B7F48FB00BC00A2 /* SwapRecord.swift */,
				3261EE4E2B84EA0600A2944C /* SwapCompletedList.swift */,
			);
			path = Model;
			sourceTree = "<group>";
		};
		324581942B87465B00B3CC52 /* RealmObject */ = {
			isa = PBXGroup;
			children = (
				324581972B8746B000B3CC52 /* SwapListObject.swift */,
			);
			path = RealmObject;
			sourceTree = "<group>";
		};
		326F7FDC2B64C93E00A09D9A = {
			isa = PBXGroup;
			children = (
				3261EE532B863C8800A2944C /* Clock.mp3 */,
				32F30CD62B64E41400551652 /* fonts */,
				326F7FE72B64C93E00A09D9A /* swap */,
				326F7FE62B64C93E00A09D9A /* Products */,
			);
			sourceTree = "<group>";
		};
		326F7FE62B64C93E00A09D9A /* Products */ = {
			isa = PBXGroup;
			children = (
				326F7FE52B64C93E00A09D9A /* swap.app */,
			);
			name = Products;
			sourceTree = "<group>";
		};
		326F7FE72B64C93E00A09D9A /* swap */ = {
			isa = PBXGroup;
			children = (
				324581942B87465B00B3CC52 /* RealmObject */,
				327876F72B81B867003C1F20 /* Extension */,
				320784812B7A05C20090CB30 /* Model */,
				326F7FE82B64C93E00A09D9A /* AppDelegate.swift */,
				326F7FEA2B64C93E00A09D9A /* SceneDelegate.swift */,
				326F7FEC2B64C93E00A09D9A /* ViewController.swift */,
				3232D6DB2B67D745001A7D47 /* MainViewController.swift */,
				32F461C12B691A5200BA4799 /* CalendarAddViewController.swift */,
				32989A532B6CC690000EA449 /* RecordViewController.swift */,
				328653452B664C5000BDEB2D /* SuggestionViewController.swift */,
				321031522B6A6A16004377E9 /* AlarmModalViewController.swift */,
				3223ABC32B6A75D0007600CC /* SettingModalViewController.swift */,
				3200E6372B6BB454005126BC /* AttaintViewController.swift */,
				3200E6392B6BD416005126BC /* TrophyViewController.swift */,
				326F7FEE2B64C93E00A09D9A /* Main.storyboard */,
				326F7FF12B64C93F00A09D9A /* Assets.xcassets */,
				326F7FF32B64C93F00A09D9A /* LaunchScreen.storyboard */,
				326F7FF62B64C93F00A09D9A /* Info.plist */,
			);
			path = swap;
			sourceTree = "<group>";
		};
		327876F72B81B867003C1F20 /* Extension */ = {
			isa = PBXGroup;
			children = (
				327876F12B81A810003C1F20 /* UIViewController++Extension.swift */,
				327876F32B81B548003C1F20 /* UIColor++Extension.swift */,
				327876F52B81B7CC003C1F20 /* UIFont++Extenstion.swift */,
			);
			path = Extension;
			sourceTree = "<group>";
		};
/* End PBXGroup section */

/* Begin PBXNativeTarget section */
		326F7FE42B64C93E00A09D9A /* swap */ = {
			isa = PBXNativeTarget;
			buildConfigurationList = 326F7FF92B64C93F00A09D9A /* Build configuration list for PBXNativeTarget "swap" */;
			buildPhases = (
				326F7FE12B64C93E00A09D9A /* Sources */,
				326F7FE22B64C93E00A09D9A /* Frameworks */,
				326F7FE32B64C93E00A09D9A /* Resources */,
			);
			buildRules = (
			);
			dependencies = (
			);
			name = swap;
			packageProductDependencies = (
				32F958242B724EAE005064AE /* FSCalendar */,
				324581902B87434100B3CC52 /* Realm */,
				324581922B87434100B3CC52 /* RealmSwift */,
			);
			productName = swap;
			productReference = 326F7FE52B64C93E00A09D9A /* swap.app */;
			productType = "com.apple.product-type.application";
		};
/* End PBXNativeTarget section */

/* Begin PBXProject section */
		326F7FDD2B64C93E00A09D9A /* Project object */ = {
			isa = PBXProject;
			attributes = {
				BuildIndependentTargetsInParallel = 1;
				LastSwiftUpdateCheck = 1520;
				LastUpgradeCheck = 1520;
				TargetAttributes = {
					326F7FE42B64C93E00A09D9A = {
						CreatedOnToolsVersion = 15.2;
					};
				};
			};
			buildConfigurationList = 326F7FE02B64C93E00A09D9A /* Build configuration list for PBXProject "swap" */;
			compatibilityVersion = "Xcode 14.0";
			developmentRegion = en;
			hasScannedForEncodings = 0;
			knownRegions = (
				en,
				Base,
			);
			mainGroup = 326F7FDC2B64C93E00A09D9A;
			packageReferences = (
				32F958232B724EAE005064AE /* XCRemoteSwiftPackageReference "FSCalendar" */,
				3245818F2B87434100B3CC52 /* XCRemoteSwiftPackageReference "realm-swift" */,
			);
			productRefGroup = 326F7FE62B64C93E00A09D9A /* Products */;
			projectDirPath = "";
			projectRoot = "";
			targets = (
				326F7FE42B64C93E00A09D9A /* swap */,
			);
		};
/* End PBXProject section */

/* Begin PBXResourcesBuildPhase section */
		326F7FE32B64C93E00A09D9A /* Resources */ = {
			isa = PBXResourcesBuildPhase;
			buildActionMask = 2147483647;
			files = (
				326F7FF52B64C93F00A09D9A /* LaunchScreen.storyboard in Resources */,
				326F7FF22B64C93F00A09D9A /* Assets.xcassets in Resources */,
				326F7FF02B64C93E00A09D9A /* Main.storyboard in Resources */,
				3261EE542B863C8800A2944C /* Clock.mp3 in Resources */,
				32F30CD72B64E41400551652 /* fonts in Resources */,
			);
			runOnlyForDeploymentPostprocessing = 0;
		};
/* End PBXResourcesBuildPhase section */

/* Begin PBXSourcesBuildPhase section */
		326F7FE12B64C93E00A09D9A /* Sources */ = {
			isa = PBXSourcesBuildPhase;
			buildActionMask = 2147483647;
			files = (
				321031532B6A6A16004377E9 /* AlarmModalViewController.swift in Sources */,
				328653462B664C5000BDEB2D /* SuggestionViewController.swift in Sources */,
				327876F22B81A810003C1F20 /* UIViewController++Extension.swift in Sources */,
				328CDB4C2B7F48FB00BC00A2 /* SwapRecord.swift in Sources */,
				3223ABC42B6A75D0007600CC /* SettingModalViewController.swift in Sources */,
				326F7FED2B64C93E00A09D9A /* ViewController.swift in Sources */,
				320784832B7A05E50090CB30 /* SwapList.swift in Sources */,
				32F461C22B691A5200BA4799 /* CalendarAddViewController.swift in Sources */,
				32989A542B6CC690000EA449 /* RecordViewController.swift in Sources */,
				324581982B8746B000B3CC52 /* SwapListObject.swift in Sources */,
				326F7FE92B64C93E00A09D9A /* AppDelegate.swift in Sources */,
				327876F42B81B548003C1F20 /* UIColor++Extension.swift in Sources */,
				326F7FEB2B64C93E00A09D9A /* SceneDelegate.swift in Sources */,
				3200E6382B6BB454005126BC /* AttaintViewController.swift in Sources */,
				3200E63A2B6BD416005126BC /* TrophyViewController.swift in Sources */,
				3232D6DC2B67D745001A7D47 /* MainViewController.swift in Sources */,
				327876F62B81B7CC003C1F20 /* UIFont++Extenstion.swift in Sources */,
				3261EE4F2B84EA0600A2944C /* SwapCompletedList.swift in Sources */,
			);
			runOnlyForDeploymentPostprocessing = 0;
		};
/* End PBXSourcesBuildPhase section */

/* Begin PBXVariantGroup section */
		326F7FEE2B64C93E00A09D9A /* Main.storyboard */ = {
			isa = PBXVariantGroup;
			children = (
				326F7FEF2B64C93E00A09D9A /* Base */,
			);
			name = Main.storyboard;
			sourceTree = "<group>";
		};
		326F7FF32B64C93F00A09D9A /* LaunchScreen.storyboard */ = {
			isa = PBXVariantGroup;
			children = (
				326F7FF42B64C93F00A09D9A /* Base */,
			);
			name = LaunchScreen.storyboard;
			sourceTree = "<group>";
		};
/* End PBXVariantGroup section */

/* Begin XCBuildConfiguration section */
		326F7FF72B64C93F00A09D9A /* Debug */ = {
			isa = XCBuildConfiguration;
			buildSettings = {
				ALWAYS_SEARCH_USER_PATHS = NO;
				ASSETCATALOG_COMPILER_GENERATE_SWIFT_ASSET_SYMBOL_EXTENSIONS = YES;
				CLANG_ANALYZER_NONNULL = YES;
				CLANG_ANALYZER_NUMBER_OBJECT_CONVERSION = YES_AGGRESSIVE;
				CLANG_CXX_LANGUAGE_STANDARD = "gnu++20";
				CLANG_ENABLE_MODULES = YES;
				CLANG_ENABLE_OBJC_ARC = YES;
				CLANG_ENABLE_OBJC_WEAK = YES;
				CLANG_WARN_BLOCK_CAPTURE_AUTORELEASING = YES;
				CLANG_WARN_BOOL_CONVERSION = YES;
				CLANG_WARN_COMMA = YES;
				CLANG_WARN_CONSTANT_CONVERSION = YES;
				CLANG_WARN_DEPRECATED_OBJC_IMPLEMENTATIONS = YES;
				CLANG_WARN_DIRECT_OBJC_ISA_USAGE = YES_ERROR;
				CLANG_WARN_DOCUMENTATION_COMMENTS = YES;
				CLANG_WARN_EMPTY_BODY = YES;
				CLANG_WARN_ENUM_CONVERSION = YES;
				CLANG_WARN_INFINITE_RECURSION = YES;
				CLANG_WARN_INT_CONVERSION = YES;
				CLANG_WARN_NON_LITERAL_NULL_CONVERSION = YES;
				CLANG_WARN_OBJC_IMPLICIT_RETAIN_SELF = YES;
				CLANG_WARN_OBJC_LITERAL_CONVERSION = YES;
				CLANG_WARN_OBJC_ROOT_CLASS = YES_ERROR;
				CLANG_WARN_QUOTED_INCLUDE_IN_FRAMEWORK_HEADER = YES;
				CLANG_WARN_RANGE_LOOP_ANALYSIS = YES;
				CLANG_WARN_STRICT_PROTOTYPES = YES;
				CLANG_WARN_SUSPICIOUS_MOVE = YES;
				CLANG_WARN_UNGUARDED_AVAILABILITY = YES_AGGRESSIVE;
				CLANG_WARN_UNREACHABLE_CODE = YES;
				CLANG_WARN__DUPLICATE_METHOD_MATCH = YES;
				COPY_PHASE_STRIP = NO;
				DEBUG_INFORMATION_FORMAT = dwarf;
				ENABLE_STRICT_OBJC_MSGSEND = YES;
				ENABLE_TESTABILITY = YES;
				ENABLE_USER_SCRIPT_SANDBOXING = YES;
				GCC_C_LANGUAGE_STANDARD = gnu17;
				GCC_DYNAMIC_NO_PIC = NO;
				GCC_NO_COMMON_BLOCKS = YES;
				GCC_OPTIMIZATION_LEVEL = 0;
				GCC_PREPROCESSOR_DEFINITIONS = (
					"DEBUG=1",
					"$(inherited)",
				);
				GCC_WARN_64_TO_32_BIT_CONVERSION = YES;
				GCC_WARN_ABOUT_RETURN_TYPE = YES_ERROR;
				GCC_WARN_UNDECLARED_SELECTOR = YES;
				GCC_WARN_UNINITIALIZED_AUTOS = YES_AGGRESSIVE;
				GCC_WARN_UNUSED_FUNCTION = YES;
				GCC_WARN_UNUSED_VARIABLE = YES;
				IPHONEOS_DEPLOYMENT_TARGET = 17.2;
				LOCALIZATION_PREFERS_STRING_CATALOGS = YES;
				MTL_ENABLE_DEBUG_INFO = INCLUDE_SOURCE;
				MTL_FAST_MATH = YES;
				ONLY_ACTIVE_ARCH = YES;
				SDKROOT = iphoneos;
				SWIFT_ACTIVE_COMPILATION_CONDITIONS = "DEBUG $(inherited)";
				SWIFT_OPTIMIZATION_LEVEL = "-Onone";
			};
			name = Debug;
		};
		326F7FF82B64C93F00A09D9A /* Release */ = {
			isa = XCBuildConfiguration;
			buildSettings = {
				ALWAYS_SEARCH_USER_PATHS = NO;
				ASSETCATALOG_COMPILER_GENERATE_SWIFT_ASSET_SYMBOL_EXTENSIONS = YES;
				CLANG_ANALYZER_NONNULL = YES;
				CLANG_ANALYZER_NUMBER_OBJECT_CONVERSION = YES_AGGRESSIVE;
				CLANG_CXX_LANGUAGE_STANDARD = "gnu++20";
				CLANG_ENABLE_MODULES = YES;
				CLANG_ENABLE_OBJC_ARC = YES;
				CLANG_ENABLE_OBJC_WEAK = YES;
				CLANG_WARN_BLOCK_CAPTURE_AUTORELEASING = YES;
				CLANG_WARN_BOOL_CONVERSION = YES;
				CLANG_WARN_COMMA = YES;
				CLANG_WARN_CONSTANT_CONVERSION = YES;
				CLANG_WARN_DEPRECATED_OBJC_IMPLEMENTATIONS = YES;
				CLANG_WARN_DIRECT_OBJC_ISA_USAGE = YES_ERROR;
				CLANG_WARN_DOCUMENTATION_COMMENTS = YES;
				CLANG_WARN_EMPTY_BODY = YES;
				CLANG_WARN_ENUM_CONVERSION = YES;
				CLANG_WARN_INFINITE_RECURSION = YES;
				CLANG_WARN_INT_CONVERSION = YES;
				CLANG_WARN_NON_LITERAL_NULL_CONVERSION = YES;
				CLANG_WARN_OBJC_IMPLICIT_RETAIN_SELF = YES;
				CLANG_WARN_OBJC_LITERAL_CONVERSION = YES;
				CLANG_WARN_OBJC_ROOT_CLASS = YES_ERROR;
				CLANG_WARN_QUOTED_INCLUDE_IN_FRAMEWORK_HEADER = YES;
				CLANG_WARN_RANGE_LOOP_ANALYSIS = YES;
				CLANG_WARN_STRICT_PROTOTYPES = YES;
				CLANG_WARN_SUSPICIOUS_MOVE = YES;
				CLANG_WARN_UNGUARDED_AVAILABILITY = YES_AGGRESSIVE;
				CLANG_WARN_UNREACHABLE_CODE = YES;
				CLANG_WARN__DUPLICATE_METHOD_MATCH = YES;
				COPY_PHASE_STRIP = NO;
				DEBUG_INFORMATION_FORMAT = "dwarf-with-dsym";
				ENABLE_NS_ASSERTIONS = NO;
				ENABLE_STRICT_OBJC_MSGSEND = YES;
				ENABLE_USER_SCRIPT_SANDBOXING = YES;
				GCC_C_LANGUAGE_STANDARD = gnu17;
				GCC_NO_COMMON_BLOCKS = YES;
				GCC_WARN_64_TO_32_BIT_CONVERSION = YES;
				GCC_WARN_ABOUT_RETURN_TYPE = YES_ERROR;
				GCC_WARN_UNDECLARED_SELECTOR = YES;
				GCC_WARN_UNINITIALIZED_AUTOS = YES_AGGRESSIVE;
				GCC_WARN_UNUSED_FUNCTION = YES;
				GCC_WARN_UNUSED_VARIABLE = YES;
				IPHONEOS_DEPLOYMENT_TARGET = 17.2;
				LOCALIZATION_PREFERS_STRING_CATALOGS = YES;
				MTL_ENABLE_DEBUG_INFO = NO;
				MTL_FAST_MATH = YES;
				SDKROOT = iphoneos;
				SWIFT_COMPILATION_MODE = wholemodule;
				VALIDATE_PRODUCT = YES;
			};
			name = Release;
		};
		326F7FFA2B64C93F00A09D9A /* Debug */ = {
			isa = XCBuildConfiguration;
			buildSettings = {
				ASSETCATALOG_COMPILER_APPICON_NAME = AppIcon;
				ASSETCATALOG_COMPILER_GLOBAL_ACCENT_COLOR_NAME = AccentColor;
				ASSETCATALOG_COMPILER_INCLUDE_ALL_APPICON_ASSETS = YES;
				CODE_SIGN_STYLE = Automatic;
				CURRENT_PROJECT_VERSION = 1;
				GENERATE_INFOPLIST_FILE = YES;
				INFOPLIST_FILE = swap/Info.plist;
				INFOPLIST_KEY_UIApplicationSupportsIndirectInputEvents = YES;
				INFOPLIST_KEY_UILaunchStoryboardName = LaunchScreen;
				INFOPLIST_KEY_UIMainStoryboardFile = Main;
				INFOPLIST_KEY_UISupportedInterfaceOrientations_iPad = "UIInterfaceOrientationPortrait UIInterfaceOrientationPortraitUpsideDown UIInterfaceOrientationLandscapeLeft UIInterfaceOrientationLandscapeRight";
				INFOPLIST_KEY_UISupportedInterfaceOrientations_iPhone = "UIInterfaceOrientationPortrait UIInterfaceOrientationLandscapeLeft UIInterfaceOrientationLandscapeRight";
				LD_RUNPATH_SEARCH_PATHS = (
					"$(inherited)",
					"@executable_path/Frameworks",
				);
				MARKETING_VERSION = 1.0;
				PRODUCT_BUNDLE_IDENTIFIER = kr.sb.swap;
				PRODUCT_NAME = "$(TARGET_NAME)";
				SWIFT_EMIT_LOC_STRINGS = YES;
				SWIFT_VERSION = 5.0;
				TARGETED_DEVICE_FAMILY = "1,2";
			};
			name = Debug;
		};
		326F7FFB2B64C93F00A09D9A /* Release */ = {
			isa = XCBuildConfiguration;
			buildSettings = {
				ASSETCATALOG_COMPILER_APPICON_NAME = AppIcon;
				ASSETCATALOG_COMPILER_GLOBAL_ACCENT_COLOR_NAME = AccentColor;
				ASSETCATALOG_COMPILER_INCLUDE_ALL_APPICON_ASSETS = YES;
				CODE_SIGN_STYLE = Automatic;
				CURRENT_PROJECT_VERSION = 1;
				GENERATE_INFOPLIST_FILE = YES;
				INFOPLIST_FILE = swap/Info.plist;
				INFOPLIST_KEY_UIApplicationSupportsIndirectInputEvents = YES;
				INFOPLIST_KEY_UILaunchStoryboardName = LaunchScreen;
				INFOPLIST_KEY_UIMainStoryboardFile = Main;
				INFOPLIST_KEY_UISupportedInterfaceOrientations_iPad = "UIInterfaceOrientationPortrait UIInterfaceOrientationPortraitUpsideDown UIInterfaceOrientationLandscapeLeft UIInterfaceOrientationLandscapeRight";
				INFOPLIST_KEY_UISupportedInterfaceOrientations_iPhone = "UIInterfaceOrientationPortrait UIInterfaceOrientationLandscapeLeft UIInterfaceOrientationLandscapeRight";
				LD_RUNPATH_SEARCH_PATHS = (
					"$(inherited)",
					"@executable_path/Frameworks",
				);
				MARKETING_VERSION = 1.0;
				PRODUCT_BUNDLE_IDENTIFIER = kr.sb.swap;
				PRODUCT_NAME = "$(TARGET_NAME)";
				SWIFT_EMIT_LOC_STRINGS = YES;
				SWIFT_VERSION = 5.0;
				TARGETED_DEVICE_FAMILY = "1,2";
			};
			name = Release;
		};
/* End XCBuildConfiguration section */

/* Begin XCConfigurationList section */
		326F7FE02B64C93E00A09D9A /* Build configuration list for PBXProject "swap" */ = {
			isa = XCConfigurationList;
			buildConfigurations = (
				326F7FF72B64C93F00A09D9A /* Debug */,
				326F7FF82B64C93F00A09D9A /* Release */,
			);
			defaultConfigurationIsVisible = 0;
			defaultConfigurationName = Release;
		};
		326F7FF92B64C93F00A09D9A /* Build configuration list for PBXNativeTarget "swap" */ = {
			isa = XCConfigurationList;
			buildConfigurations = (
				326F7FFA2B64C93F00A09D9A /* Debug */,
				326F7FFB2B64C93F00A09D9A /* Release */,
			);
			defaultConfigurationIsVisible = 0;
			defaultConfigurationName = Release;
		};
/* End XCConfigurationList section */

/* Begin XCRemoteSwiftPackageReference section */
		3245818F2B87434100B3CC52 /* XCRemoteSwiftPackageReference "realm-swift" */ = {
			isa = XCRemoteSwiftPackageReference;
			repositoryURL = "https://github.com/realm/realm-swift.git";
			requirement = {
				branch = master;
				kind = branch;
			};
		};
		32F958232B724EAE005064AE /* XCRemoteSwiftPackageReference "FSCalendar" */ = {
			isa = XCRemoteSwiftPackageReference;
			repositoryURL = "https://github.com/WenchaoD/FSCalendar.git";
			requirement = {
				kind = upToNextMajorVersion;
				minimumVersion = 2.8.4;
			};
		};
/* End XCRemoteSwiftPackageReference section */

/* Begin XCSwiftPackageProductDependency section */
		324581902B87434100B3CC52 /* Realm */ = {
			isa = XCSwiftPackageProductDependency;
			package = 3245818F2B87434100B3CC52 /* XCRemoteSwiftPackageReference "realm-swift" */;
			productName = Realm;
		};
		324581922B87434100B3CC52 /* RealmSwift */ = {
			isa = XCSwiftPackageProductDependency;
			package = 3245818F2B87434100B3CC52 /* XCRemoteSwiftPackageReference "realm-swift" */;
			productName = RealmSwift;
		};
		32F958242B724EAE005064AE /* FSCalendar */ = {
			isa = XCSwiftPackageProductDependency;
			package = 32F958232B724EAE005064AE /* XCRemoteSwiftPackageReference "FSCalendar" */;
			productName = FSCalendar;
		};
/* End XCSwiftPackageProductDependency section */
	};
	rootObject = 326F7FDD2B64C93E00A09D9A /* Project object */;
}
